
Microsoft Visual Studio Solution File, Format Version 12.00
# Visual Studio Version 16
VisualStudioVersion = 16.0.30611.23
MinimumVisualStudioVersion = 10.0.40219.1
Project("{9A19103F-16F7-4668-BE54-9A1E7A4F7556}") = "WebAdvert.SearchWorker", "WebAdvert.SearchWorker.csproj", "{EA4970A1-1B67-461F-A1C0-0B572BE56E33}"
EndProject
Global
	GlobalSection(SolutionConfigurationPlatforms) = preSolution
		Debug|Any CPU = Debug|Any CPU
		Release|Any CPU = Release|Any CPU
	EndGlobalSection
	GlobalSection(ProjectConfigurationPlatforms) = postSolution
		{EA4970A1-1B67-461F-A1C0-0B572BE56E33}.Debug|Any CPU.ActiveCfg = Debug|Any CPU
		{EA4970A1-1B67-461F-A1C0-0B572BE56E33}.Debug|Any CPU.Build.0 = Debug|Any CPU
		{EA4970A1-1B67-461F-A1C0-0B572BE56E33}.Release|Any CPU.ActiveCfg = Release|Any CPU
		{EA4970A1-1B67-461F-A1C0-0B572BE56E33}.Release|Any CPU.Build.0 = Release|Any CPU
	EndGlobalSection
	GlobalSection(SolutionProperties) = preSolution
		HideSolutionNode = FALSE
	EndGlobalSection
	GlobalSection(ExtensibilityGlobals) = postSolution
		SolutionGuid = {1E33AEE0-85ED-4059-8F8F-CE3DE39FD743}
	EndGlobalSection
EndGlobal
