
Microsoft Visual Studio Solution File, Format Version 12.00
# Visual Studio Version 16
VisualStudioVersion = 16.0.30611.23
MinimumVisualStudioVersion = 10.0.40219.1
Project("{FAE04EC0-301F-11D3-BF4B-00C04F79EFBC}") = "AdvertApi", "AdvertApi.csproj", "{51AC75E3-7F04-4DDA-89F8-08FD1183E202}"
EndProject
Project("{FAE04EC0-301F-11D3-BF4B-00C04F79EFBC}") = "AdvertApi.Models", "..\AdvertApi.Models\AdvertApi.Models.csproj", "{644E06EF-B8CD-4B28-8E54-15C2E806A3EA}"
EndProject
Global
	GlobalSection(SolutionConfigurationPlatforms) = preSolution
		Debug|Any CPU = Debug|Any CPU
		Release|Any CPU = Release|Any CPU
	EndGlobalSection
	GlobalSection(ProjectConfigurationPlatforms) = postSolution
		{51AC75E3-7F04-4DDA-89F8-08FD1183E202}.Debug|Any CPU.ActiveCfg = Debug|Any CPU
		{51AC75E3-7F04-4DDA-89F8-08FD1183E202}.Debug|Any CPU.Build.0 = Debug|Any CPU
		{51AC75E3-7F04-4DDA-89F8-08FD1183E202}.Release|Any CPU.ActiveCfg = Release|Any CPU
		{51AC75E3-7F04-4DDA-89F8-08FD1183E202}.Release|Any CPU.Build.0 = Release|Any CPU
		{644E06EF-B8CD-4B28-8E54-15C2E806A3EA}.Debug|Any CPU.ActiveCfg = Debug|Any CPU
		{644E06EF-B8CD-4B28-8E54-15C2E806A3EA}.Debug|Any CPU.Build.0 = Debug|Any CPU
		{644E06EF-B8CD-4B28-8E54-15C2E806A3EA}.Release|Any CPU.ActiveCfg = Release|Any CPU
		{644E06EF-B8CD-4B28-8E54-15C2E806A3EA}.Release|Any CPU.Build.0 = Release|Any CPU
	EndGlobalSection
	GlobalSection(SolutionProperties) = preSolution
		HideSolutionNode = FALSE
	EndGlobalSection
	GlobalSection(ExtensibilityGlobals) = postSolution
		SolutionGuid = {719D2F2C-D7DF-4270-92AE-C811E465FAE8}
	EndGlobalSection
EndGlobal
